
Microsoft Visual Studio Solution File, Format Version 12.00
# Visual Studio Version 16
VisualStudioVersion = 16.0.31112.23
MinimumVisualStudioVersion = 10.0.40219.1
Project("{FAE04EC0-301F-11D3-BF4B-00C04F79EFBC}") = "RobotHedger", "RobotHedger.csproj", "{DA8663F1-C233-4F2B-BCD4-BB63BBA70F07}"
EndProject
Global
	GlobalSection(SolutionConfigurationPlatforms) = preSolution
		Debug|Any CPU = Debug|Any CPU
		Release|Any CPU = Release|Any CPU
	EndGlobalSection
	GlobalSection(ProjectConfigurationPlatforms) = postSolution
		{DA8663F1-C233-4F2B-BCD4-BB63BBA70F07}.Debug|Any CPU.ActiveCfg = Debug|Any CPU
		{DA8663F1-C233-4F2B-BCD4-BB63BBA70F07}.Debug|Any CPU.Build.0 = Debug|Any CPU
		{DA8663F1-C233-4F2B-BCD4-BB63BBA70F07}.Release|Any CPU.ActiveCfg = Release|Any CPU
		{DA8663F1-C233-4F2B-BCD4-BB63BBA70F07}.Release|Any CPU.Build.0 = Release|Any CPU
	EndGlobalSection
	GlobalSection(SolutionProperties) = preSolution
		HideSolutionNode = FALSE
	EndGlobalSection
	GlobalSection(ExtensibilityGlobals) = postSolution
		SolutionGuid = {996244AB-A618-48C2-9C4F-B8D46CD3ECA6}
	EndGlobalSection
EndGlobal
